
Microsoft Visual Studio Solution File, Format Version 12.00
# Visual Studio Version 16
VisualStudioVersion = 16.0.30907.101
MinimumVisualStudioVersion = 10.0.40219.1
Project("{8BC9CEB8-8B4A-11D0-8D11-00A0C91BC942}") = "im_cl", "im_cl\im_cl.vcxproj", "{4C77AF3A-9C0C-4951-8F25-CF738EF6EA5E}"
EndProject
Global
	GlobalSection(SolutionConfigurationPlatforms) = preSolution
		Debug|ARM = Debug|ARM
		Debug|x64 = Debug|x64
		Debug|x86 = Debug|x86
		Release|ARM = Release|ARM
		Release|x64 = Release|x64
		Release|x86 = Release|x86
	EndGlobalSection
	GlobalSection(ProjectConfigurationPlatforms) = postSolution
		{4C77AF3A-9C0C-4951-8F25-CF738EF6EA5E}.Debug|ARM.ActiveCfg = Debug|ARM
		{4C77AF3A-9C0C-4951-8F25-CF738EF6EA5E}.Debug|ARM.Build.0 = Debug|ARM
		{4C77AF3A-9C0C-4951-8F25-CF738EF6EA5E}.Debug|x64.ActiveCfg = Debug|x64
		{4C77AF3A-9C0C-4951-8F25-CF738EF6EA5E}.Debug|x64.Build.0 = Debug|x64
		{4C77AF3A-9C0C-4951-8F25-CF738EF6EA5E}.Debug|x86.ActiveCfg = Debug|Win32
		{4C77AF3A-9C0C-4951-8F25-CF738EF6EA5E}.Debug|x86.Build.0 = Debug|Win32
		{4C77AF3A-9C0C-4951-8F25-CF738EF6EA5E}.Release|ARM.ActiveCfg = Release|ARM
		{4C77AF3A-9C0C-4951-8F25-CF738EF6EA5E}.Release|ARM.Build.0 = Release|ARM
		{4C77AF3A-9C0C-4951-8F25-CF738EF6EA5E}.Release|x64.ActiveCfg = Release|x64
		{4C77AF3A-9C0C-4951-8F25-CF738EF6EA5E}.Release|x64.Build.0 = Release|x64
		{4C77AF3A-9C0C-4951-8F25-CF738EF6EA5E}.Release|x86.ActiveCfg = Release|Win32
		{4C77AF3A-9C0C-4951-8F25-CF738EF6EA5E}.Release|x86.Build.0 = Release|Win32
	EndGlobalSection
	GlobalSection(SolutionProperties) = preSolution
		HideSolutionNode = FALSE
	EndGlobalSection
	GlobalSection(ExtensibilityGlobals) = postSolution
		SolutionGuid = {EAEA0E18-DA9B-41D8-BEBD-668DD493C9E2}
	EndGlobalSection
EndGlobal
