<?xml version="1.0" encoding="utf-8"?>
<Project ToolsVersion="4.0" xmlns="http://schemas.microsoft.com/developer/msbuild/2003">
  <ItemGroup>
    <Filter Include="Файлы заголовков">
      <UniqueIdentifier>{93995380-89BD-4b04-88EB-625FBE52EBFB}</UniqueIdentifier>
      <Extensions>h;hh;hpp;hxx;h++;hm;inl;inc;ipp;xsd</Extensions>
    </Filter>
    <Filter Include="Файлы ресурсов">
      <UniqueIdentifier>{67DA6AB6-F800-4c08-8B7A-83BB121AAD01}</UniqueIdentifier>
      <Extensions>rc;ico;cur;bmp;dlg;rc2;rct;bin;rgs;gif;jpg;jpeg;jpe;resx;tiff;tif;png;wav;mfcribbon-ms</Extensions>
    </Filter>
    <Filter Include="Исходные файлы">
      <UniqueIdentifier>{4FC737F1-C7A5-4376-A066-2A32D752A2FF}</UniqueIdentifier>
      <Extensions>cpp;c;cc;cxx;c++;cppm;ixx;def;odl;idl;hpj;bat;asm;asmx</Extensions>
    </Filter>
    <Filter Include="Файлы ресурсов\kernels">
      <UniqueIdentifier>{0eaea6d8-adf3-4b06-82e1-12720fb4ea9b}</UniqueIdentifier>
    </Filter>
  </ItemGroup>
  <ItemGroup>
    <ClCompile Include="main.cpp">
      <Filter>Файлы ресурсов</Filter>
    </ClCompile>
    <ClCompile Include="converser.cpp">
      <Filter>Файлы ресурсов</Filter>
    </ClCompile>
    <ClCompile Include="rotator.cpp">
      <Filter>Файлы ресурсов</Filter>
    </ClCompile>
    <ClCompile Include="app.cpp">
      <Filter>Файлы ресурсов</Filter>
    </ClCompile>
    <ClCompile Include="zoomer.cpp">
      <Filter>Файлы ресурсов</Filter>
    </ClCompile>
    <ClCompile Include="hardware.cpp">
      <Filter>Файлы ресурсов</Filter>
    </ClCompile>
    <ClCompile Include="io_manager.cpp">
      <Filter>Файлы ресурсов</Filter>
    </ClCompile>
    <ClCompile Include="filter.cpp">
      <Filter>Файлы ресурсов</Filter>
    </ClCompile>
    <ClCompile Include="wavelet.cpp">
      <Filter>Файлы ресурсов</Filter>
    </ClCompile>
    <ClCompile Include="im_object.cpp">
      <Filter>Файлы ресурсов</Filter>
    </ClCompile>
    <ClCompile Include="executor.cpp">
      <Filter>Файлы ресурсов</Filter>
    </ClCompile>
    <ClCompile Include="util.cpp">
      <Filter>Файлы ресурсов</Filter>
    </ClCompile>
    <ClCompile Include="contraster.cpp">
      <Filter>Файлы ресурсов</Filter>
    </ClCompile>
  </ItemGroup>
  <ItemGroup>
    <ClInclude Include="app.h">
      <Filter>Файлы заголовков</Filter>
    </ClInclude>
    <ClInclude Include="hardware.h">
      <Filter>Файлы заголовков</Filter>
    </ClInclude>
    <ClInclude Include="io_manager.h">
      <Filter>Файлы заголовков</Filter>
    </ClInclude>
    <ClInclude Include="im_object.h">
      <Filter>Файлы заголовков</Filter>
    </ClInclude>
    <ClInclude Include="executor.h">
      <Filter>Файлы заголовков</Filter>
    </ClInclude>
    <ClInclude Include="util.h">
      <Filter>Файлы заголовков</Filter>
    </ClInclude>
    <ClInclude Include="im_executors.h">
      <Filter>Файлы заголовков</Filter>
    </ClInclude>
  </ItemGroup>
  <ItemGroup>
    <None Include="rotator.cl">
      <Filter>Файлы ресурсов\kernels</Filter>
    </None>
    <None Include="zoomer.cl">
      <Filter>Файлы ресурсов\kernels</Filter>
    </None>
    <None Include="filter.cl">
      <Filter>Файлы ресурсов\kernels</Filter>
    </None>
    <None Include="converser.cl">
      <Filter>Файлы ресурсов\kernels</Filter>
    </None>
    <None Include="wavelet.cl">
      <Filter>Файлы ресурсов\kernels</Filter>
    </None>
    <None Include="contraster.cl">
      <Filter>Файлы ресурсов\kernels</Filter>
    </None>
    <None Include="ClassDiagram.cd" />
    <None Include="utils.cl">
      <Filter>Файлы ресурсов\kernels</Filter>
    </None>
  </ItemGroup>
</Project>